// !$*UTF8*$!
{
	archiveVersion = 1;
	classes = {
	};
	objectVersion = 56;
	objects = {

/* Begin PBXBuildFile section */
		8D8B4A382C1979CC009243C2 /* AppDelegate.swift in Sources */ = {isa = PBXBuildFile; fileRef = 8D8B4A372C1979CC009243C2 /* AppDelegate.swift */; };
		8D8B4A3A2C1979CC009243C2 /* SceneDelegate.swift in Sources */ = {isa = PBXBuildFile; fileRef = 8D8B4A392C1979CC009243C2 /* SceneDelegate.swift */; };
		8D8B4A3C2C1979CC009243C2 /* ViewController.swift in Sources */ = {isa = PBXBuildFile; fileRef = 8D8B4A3B2C1979CC009243C2 /* ViewController.swift */; };
		8D8B4A3F2C1979CC009243C2 /* Base in Resources */ = {isa = PBXBuildFile; fileRef = 8D8B4A3E2C1979CC009243C2 /* Base */; };
		8D8B4A422C1979CC009243C2 /* CalmoApp.xcdatamodeld in Sources */ = {isa = PBXBuildFile; fileRef = 8D8B4A402C1979CC009243C2 /* CalmoApp.xcdatamodeld */; };
		8D8B4A442C1979CD009243C2 /* Assets.xcassets in Resources */ = {isa = PBXBuildFile; fileRef = 8D8B4A432C1979CD009243C2 /* Assets.xcassets */; };
		8D8B4A472C1979CD009243C2 /* Base in Resources */ = {isa = PBXBuildFile; fileRef = 8D8B4A462C1979CD009243C2 /* Base */; };
		8D8B4A522C1979CD009243C2 /* CalmoAppTests.swift in Sources */ = {isa = PBXBuildFile; fileRef = 8D8B4A512C1979CD009243C2 /* CalmoAppTests.swift */; };
		8D8B4A5C2C1979CD009243C2 /* CalmoAppUITests.swift in Sources */ = {isa = PBXBuildFile; fileRef = 8D8B4A5B2C1979CD009243C2 /* CalmoAppUITests.swift */; };
		8D8B4A5E2C1979CD009243C2 /* CalmoAppUITestsLaunchTests.swift in Sources */ = {isa = PBXBuildFile; fileRef = 8D8B4A5D2C1979CD009243C2 /* CalmoAppUITestsLaunchTests.swift */; };
		8D8B4A712C19917A009243C2 /* Home.storyboard in Resources */ = {isa = PBXBuildFile; fileRef = 8D8B4A702C19917A009243C2 /* Home.storyboard */; };
/* End PBXBuildFile section */

/* Begin PBXContainerItemProxy section */
		8D8B4A4E2C1979CD009243C2 /* PBXContainerItemProxy */ = {
			isa = PBXContainerItemProxy;
			containerPortal = 8D8B4A2C2C1979CC009243C2 /* Project object */;
			proxyType = 1;
			remoteGlobalIDString = 8D8B4A332C1979CC009243C2;
			remoteInfo = CalmoApp;
		};
		8D8B4A582C1979CD009243C2 /* PBXContainerItemProxy */ = {
			isa = PBXContainerItemProxy;
			containerPortal = 8D8B4A2C2C1979CC009243C2 /* Project object */;
			proxyType = 1;
			remoteGlobalIDString = 8D8B4A332C1979CC009243C2;
			remoteInfo = CalmoApp;
		};
/* End PBXContainerItemProxy section */

/* Begin PBXFileReference section */
		8D8B4A342C1979CC009243C2 /* CalmoApp.app */ = {isa = PBXFileReference; explicitFileType = wrapper.application; includeInIndex = 0; path = CalmoApp.app; sourceTree = BUILT_PRODUCTS_DIR; };
		8D8B4A372C1979CC009243C2 /* AppDelegate.swift */ = {isa = PBXFileReference; lastKnownFileType = sourcecode.swift; path = AppDelegate.swift; sourceTree = "<group>"; };
		8D8B4A392C1979CC009243C2 /* SceneDelegate.swift */ = {isa = PBXFileReference; lastKnownFileType = sourcecode.swift; path = SceneDelegate.swift; sourceTree = "<group>"; };
		8D8B4A3B2C1979CC009243C2 /* ViewController.swift */ = {isa = PBXFileReference; lastKnownFileType = sourcecode.swift; path = ViewController.swift; sourceTree = "<group>"; };
		8D8B4A3E2C1979CC009243C2 /* Base */ = {isa = PBXFileReference; lastKnownFileType = file.storyboard; name = Base; path = Base.lproj/Main.storyboard; sourceTree = "<group>"; };
		8D8B4A412C1979CC009243C2 /* CalmoApp.xcdatamodel */ = {isa = PBXFileReference; lastKnownFileType = wrapper.xcdatamodel; path = CalmoApp.xcdatamodel; sourceTree = "<group>"; };
		8D8B4A432C1979CD009243C2 /* Assets.xcassets */ = {isa = PBXFileReference; lastKnownFileType = folder.assetcatalog; path = Assets.xcassets; sourceTree = "<group>"; };
		8D8B4A462C1979CD009243C2 /* Base */ = {isa = PBXFileReference; lastKnownFileType = file.storyboard; name = Base; path = Base.lproj/LaunchScreen.storyboard; sourceTree = "<group>"; };
		8D8B4A482C1979CD009243C2 /* Info.plist */ = {isa = PBXFileReference; lastKnownFileType = text.plist.xml; path = Info.plist; sourceTree = "<group>"; };
		8D8B4A4D2C1979CD009243C2 /* CalmoAppTests.xctest */ = {isa = PBXFileReference; explicitFileType = wrapper.cfbundle; includeInIndex = 0; path = CalmoAppTests.xctest; sourceTree = BUILT_PRODUCTS_DIR; };
		8D8B4A512C1979CD009243C2 /* CalmoAppTests.swift */ = {isa = PBXFileReference; lastKnownFileType = sourcecode.swift; path = CalmoAppTests.swift; sourceTree = "<group>"; };
		8D8B4A572C1979CD009243C2 /* CalmoAppUITests.xctest */ = {isa = PBXFileReference; explicitFileType = wrapper.cfbundle; includeInIndex = 0; path = CalmoAppUITests.xctest; sourceTree = BUILT_PRODUCTS_DIR; };
		8D8B4A5B2C1979CD009243C2 /* CalmoAppUITests.swift */ = {isa = PBXFileReference; lastKnownFileType = sourcecode.swift; path = CalmoAppUITests.swift; sourceTree = "<group>"; };
		8D8B4A5D2C1979CD009243C2 /* CalmoAppUITestsLaunchTests.swift */ = {isa = PBXFileReference; lastKnownFileType = sourcecode.swift; path = CalmoAppUITestsLaunchTests.swift; sourceTree = "<group>"; };
		8D8B4A702C19917A009243C2 /* Home.storyboard */ = {isa = PBXFileReference; lastKnownFileType = file.storyboard; path = Home.storyboard; sourceTree = "<group>"; };
/* End PBXFileReference section */

/* Begin PBXFrameworksBuildPhase section */
		8D8B4A312C1979CC009243C2 /* Frameworks */ = {
			isa = PBXFrameworksBuildPhase;
			buildActionMask = 2147483647;
			files = (
			);
			runOnlyForDeploymentPostprocessing = 0;
		};
		8D8B4A4A2C1979CD009243C2 /* Frameworks */ = {
			isa = PBXFrameworksBuildPhase;
			buildActionMask = 2147483647;
			files = (
			);
			runOnlyForDeploymentPostprocessing = 0;
		};
		8D8B4A542C1979CD009243C2 /* Frameworks */ = {
			isa = PBXFrameworksBuildPhase;
			buildActionMask = 2147483647;
			files = (
			);
			runOnlyForDeploymentPostprocessing = 0;
		};
/* End PBXFrameworksBuildPhase section */

/* Begin PBXGroup section */
		8D8B4A2B2C1979CC009243C2 = {
			isa = PBXGroup;
			children = (
				8D8B4A362C1979CC009243C2 /* CalmoApp */,
				8D8B4A502C1979CD009243C2 /* CalmoAppTests */,
				8D8B4A5A2C1979CD009243C2 /* CalmoAppUITests */,
				8D8B4A352C1979CC009243C2 /* Products */,
			);
			sourceTree = "<group>";
		};
		8D8B4A352C1979CC009243C2 /* Products */ = {
			isa = PBXGroup;
			children = (
				8D8B4A342C1979CC009243C2 /* CalmoApp.app */,
				8D8B4A4D2C1979CD009243C2 /* CalmoAppTests.xctest */,
				8D8B4A572C1979CD009243C2 /* CalmoAppUITests.xctest */,
			);
			name = Products;
			sourceTree = "<group>";
		};
		8D8B4A362C1979CC009243C2 /* CalmoApp */ = {
			isa = PBXGroup;
			children = (
				8D8B4A6A2C197A03009243C2 /* SystemFiles */,
				8D8B4A6F2C197A47009243C2 /* Controllers */,
				8D8B4A6B2C197A11009243C2 /* Storyboards */,
				8D8B4A6D2C197A2C009243C2 /* ResourceFiles */,
				8D8B4A482C1979CD009243C2 /* Info.plist */,
				8D8B4A6E2C197A36009243C2 /* LocalDB */,
			);
			path = CalmoApp;
			sourceTree = "<group>";
		};
		8D8B4A502C1979CD009243C2 /* CalmoAppTests */ = {
			isa = PBXGroup;
			children = (
				8D8B4A512C1979CD009243C2 /* CalmoAppTests.swift */,
			);
			path = CalmoAppTests;
			sourceTree = "<group>";
		};
		8D8B4A5A2C1979CD009243C2 /* CalmoAppUITests */ = {
			isa = PBXGroup;
			children = (
				8D8B4A5B2C1979CD009243C2 /* CalmoAppUITests.swift */,
				8D8B4A5D2C1979CD009243C2 /* CalmoAppUITestsLaunchTests.swift */,
			);
			path = CalmoAppUITests;
			sourceTree = "<group>";
		};
		8D8B4A6A2C197A03009243C2 /* SystemFiles */ = {
			isa = PBXGroup;
			children = (
				8D8B4A372C1979CC009243C2 /* AppDelegate.swift */,
				8D8B4A392C1979CC009243C2 /* SceneDelegate.swift */,
				8D8B4A3B2C1979CC009243C2 /* ViewController.swift */,
			);
			path = SystemFiles;
			sourceTree = "<group>";
		};
		8D8B4A6B2C197A11009243C2 /* Storyboards */ = {
			isa = PBXGroup;
			children = (
				8D8B4A3D2C1979CC009243C2 /* Main.storyboard */,
				8D8B4A452C1979CD009243C2 /* LaunchScreen.storyboard */,
				8D8B4A702C19917A009243C2 /* Home.storyboard */,
			);
			path = Storyboards;
			sourceTree = "<group>";
		};
		8D8B4A6C2C197A25009243C2 /* Assets */ = {
			isa = PBXGroup;
			children = (
				8D8B4A432C1979CD009243C2 /* Assets.xcassets */,
			);
			path = Assets;
			sourceTree = "<group>";
		};
		8D8B4A6D2C197A2C009243C2 /* ResourceFiles */ = {
			isa = PBXGroup;
			children = (
				8D8B4A6C2C197A25009243C2 /* Assets */,
			);
			path = ResourceFiles;
			sourceTree = "<group>";
		};
		8D8B4A6E2C197A36009243C2 /* LocalDB */ = {
			isa = PBXGroup;
			children = (
				8D8B4A402C1979CC009243C2 /* CalmoApp.xcdatamodeld */,
			);
			path = LocalDB;
			sourceTree = "<group>";
		};
		8D8B4A6F2C197A47009243C2 /* Controllers */ = {
			isa = PBXGroup;
			children = (
			);
			path = Controllers;
			sourceTree = "<group>";
		};
/* End PBXGroup section */

/* Begin PBXNativeTarget section */
		8D8B4A332C1979CC009243C2 /* CalmoApp */ = {
			isa = PBXNativeTarget;
			buildConfigurationList = 8D8B4A612C1979CD009243C2 /* Build configuration list for PBXNativeTarget "CalmoApp" */;
			buildPhases = (
				8D8B4A302C1979CC009243C2 /* Sources */,
				8D8B4A312C1979CC009243C2 /* Frameworks */,
				8D8B4A322C1979CC009243C2 /* Resources */,
			);
			buildRules = (
			);
			dependencies = (
			);
			name = CalmoApp;
			productName = CalmoApp;
			productReference = 8D8B4A342C1979CC009243C2 /* CalmoApp.app */;
			productType = "com.apple.product-type.application";
		};
		8D8B4A4C2C1979CD009243C2 /* CalmoAppTests */ = {
			isa = PBXNativeTarget;
			buildConfigurationList = 8D8B4A642C1979CD009243C2 /* Build configuration list for PBXNativeTarget "CalmoAppTests" */;
			buildPhases = (
				8D8B4A492C1979CD009243C2 /* Sources */,
				8D8B4A4A2C1979CD009243C2 /* Frameworks */,
				8D8B4A4B2C1979CD009243C2 /* Resources */,
			);
			buildRules = (
			);
			dependencies = (
				8D8B4A4F2C1979CD009243C2 /* PBXTargetDependency */,
			);
			name = CalmoAppTests;
			productName = CalmoAppTests;
			productReference = 8D8B4A4D2C1979CD009243C2 /* CalmoAppTests.xctest */;
			productType = "com.apple.product-type.bundle.unit-test";
		};
		8D8B4A562C1979CD009243C2 /* CalmoAppUITests */ = {
			isa = PBXNativeTarget;
			buildConfigurationList = 8D8B4A672C1979CD009243C2 /* Build configuration list for PBXNativeTarget "CalmoAppUITests" */;
			buildPhases = (
				8D8B4A532C1979CD009243C2 /* Sources */,
				8D8B4A542C1979CD009243C2 /* Frameworks */,
				8D8B4A552C1979CD009243C2 /* Resources */,
			);
			buildRules = (
			);
			dependencies = (
				8D8B4A592C1979CD009243C2 /* PBXTargetDependency */,
			);
			name = CalmoAppUITests;
			productName = CalmoAppUITests;
			productReference = 8D8B4A572C1979CD009243C2 /* CalmoAppUITests.xctest */;
			productType = "com.apple.product-type.bundle.ui-testing";
		};
/* End PBXNativeTarget section */

/* Begin PBXProject section */
		8D8B4A2C2C1979CC009243C2 /* Project object */ = {
			isa = PBXProject;
			attributes = {
				BuildIndependentTargetsInParallel = 1;
				LastSwiftUpdateCheck = 1540;
				LastUpgradeCheck = 1540;
				TargetAttributes = {
					8D8B4A332C1979CC009243C2 = {
						CreatedOnToolsVersion = 15.4;
					};
					8D8B4A4C2C1979CD009243C2 = {
						CreatedOnToolsVersion = 15.4;
						TestTargetID = 8D8B4A332C1979CC009243C2;
					};
					8D8B4A562C1979CD009243C2 = {
						CreatedOnToolsVersion = 15.4;
						TestTargetID = 8D8B4A332C1979CC009243C2;
					};
				};
			};
			buildConfigurationList = 8D8B4A2F2C1979CC009243C2 /* Build configuration list for PBXProject "CalmoApp" */;
			compatibilityVersion = "Xcode 14.0";
			developmentRegion = en;
			hasScannedForEncodings = 0;
			knownRegions = (
				en,
				Base,
			);
			mainGroup = 8D8B4A2B2C1979CC009243C2;
			productRefGroup = 8D8B4A352C1979CC009243C2 /* Products */;
			projectDirPath = "";
			projectRoot = "";
			targets = (
				8D8B4A332C1979CC009243C2 /* CalmoApp */,
				8D8B4A4C2C1979CD009243C2 /* CalmoAppTests */,
				8D8B4A562C1979CD009243C2 /* CalmoAppUITests */,
			);
		};
/* End PBXProject section */

/* Begin PBXResourcesBuildPhase section */
		8D8B4A322C1979CC009243C2 /* Resources */ = {
			isa = PBXResourcesBuildPhase;
			buildActionMask = 2147483647;
			files = (
				8D8B4A442C1979CD009243C2 /* Assets.xcassets in Resources */,
				8D8B4A472C1979CD009243C2 /* Base in Resources */,
				8D8B4A3F2C1979CC009243C2 /* Base in Resources */,
				8D8B4A712C19917A009243C2 /* Home.storyboard in Resources */,
			);
			runOnlyForDeploymentPostprocessing = 0;
		};
		8D8B4A4B2C1979CD009243C2 /* Resources */ = {
			isa = PBXResourcesBuildPhase;
			buildActionMask = 2147483647;
			files = (
			);
			runOnlyForDeploymentPostprocessing = 0;
		};
		8D8B4A552C1979CD009243C2 /* Resources */ = {
			isa = PBXResourcesBuildPhase;
			buildActionMask = 2147483647;
			files = (
			);
			runOnlyForDeploymentPostprocessing = 0;
		};
/* End PBXResourcesBuildPhase section */

/* Begin PBXSourcesBuildPhase section */
		8D8B4A302C1979CC009243C2 /* Sources */ = {
			isa = PBXSourcesBuildPhase;
			buildActionMask = 2147483647;
			files = (
				8D8B4A3C2C1979CC009243C2 /* ViewController.swift in Sources */,
				8D8B4A382C1979CC009243C2 /* AppDelegate.swift in Sources */,
				8D8B4A422C1979CC009243C2 /* CalmoApp.xcdatamodeld in Sources */,
				8D8B4A3A2C1979CC009243C2 /* SceneDelegate.swift in Sources */,
			);
			runOnlyForDeploymentPostprocessing = 0;
		};
		8D8B4A492C1979CD009243C2 /* Sources */ = {
			isa = PBXSourcesBuildPhase;
			buildActionMask = 2147483647;
			files = (
				8D8B4A522C1979CD009243C2 /* CalmoAppTests.swift in Sources */,
			);
			runOnlyForDeploymentPostprocessing = 0;
		};
		8D8B4A532C1979CD009243C2 /* Sources */ = {
			isa = PBXSourcesBuildPhase;
			buildActionMask = 2147483647;
			files = (
				8D8B4A5E2C1979CD009243C2 /* CalmoAppUITestsLaunchTests.swift in Sources */,
				8D8B4A5C2C1979CD009243C2 /* CalmoAppUITests.swift in Sources */,
			);
			runOnlyForDeploymentPostprocessing = 0;
		};
/* End PBXSourcesBuildPhase section */

/* Begin PBXTargetDependency section */
		8D8B4A4F2C1979CD009243C2 /* PBXTargetDependency */ = {
			isa = PBXTargetDependency;
			target = 8D8B4A332C1979CC009243C2 /* CalmoApp */;
			targetProxy = 8D8B4A4E2C1979CD009243C2 /* PBXContainerItemProxy */;
		};
		8D8B4A592C1979CD009243C2 /* PBXTargetDependency */ = {
			isa = PBXTargetDependency;
			target = 8D8B4A332C1979CC009243C2 /* CalmoApp */;
			targetProxy = 8D8B4A582C1979CD009243C2 /* PBXContainerItemProxy */;
		};
/* End PBXTargetDependency section */

/* Begin PBXVariantGroup section */
		8D8B4A3D2C1979CC009243C2 /* Main.storyboard */ = {
			isa = PBXVariantGroup;
			children = (
				8D8B4A3E2C1979CC009243C2 /* Base */,
			);
			name = Main.storyboard;
			sourceTree = "<group>";
		};
		8D8B4A452C1979CD009243C2 /* LaunchScreen.storyboard */ = {
			isa = PBXVariantGroup;
			children = (
				8D8B4A462C1979CD009243C2 /* Base */,
			);
			name = LaunchScreen.storyboard;
			sourceTree = "<group>";
		};
/* End PBXVariantGroup section */

/* Begin XCBuildConfiguration section */
		8D8B4A5F2C1979CD009243C2 /* Debug */ = {
			isa = XCBuildConfiguration;
			buildSettings = {
				ALWAYS_SEARCH_USER_PATHS = NO;
				ASSETCATALOG_COMPILER_GENERATE_SWIFT_ASSET_SYMBOL_EXTENSIONS = YES;
				CLANG_ANALYZER_NONNULL = YES;
				CLANG_ANALYZER_NUMBER_OBJECT_CONVERSION = YES_AGGRESSIVE;
				CLANG_CXX_LANGUAGE_STANDARD = "gnu++20";
				CLANG_ENABLE_MODULES = YES;
				CLANG_ENABLE_OBJC_ARC = YES;
				CLANG_ENABLE_OBJC_WEAK = YES;
				CLANG_WARN_BLOCK_CAPTURE_AUTORELEASING = YES;
				CLANG_WARN_BOOL_CONVERSION = YES;
				CLANG_WARN_COMMA = YES;
				CLANG_WARN_CONSTANT_CONVERSION = YES;
				CLANG_WARN_DEPRECATED_OBJC_IMPLEMENTATIONS = YES;
				CLANG_WARN_DIRECT_OBJC_ISA_USAGE = YES_ERROR;
				CLANG_WARN_DOCUMENTATION_COMMENTS = YES;
				CLANG_WARN_EMPTY_BODY = YES;
				CLANG_WARN_ENUM_CONVERSION = YES;
				CLANG_WARN_INFINITE_RECURSION = YES;
				CLANG_WARN_INT_CONVERSION = YES;
				CLANG_WARN_NON_LITERAL_NULL_CONVERSION = YES;
				CLANG_WARN_OBJC_IMPLICIT_RETAIN_SELF = YES;
				CLANG_WARN_OBJC_LITERAL_CONVERSION = YES;
				CLANG_WARN_OBJC_ROOT_CLASS = YES_ERROR;
				CLANG_WARN_QUOTED_INCLUDE_IN_FRAMEWORK_HEADER = YES;
				CLANG_WARN_RANGE_LOOP_ANALYSIS = YES;
				CLANG_WARN_STRICT_PROTOTYPES = YES;
				CLANG_WARN_SUSPICIOUS_MOVE = YES;
				CLANG_WARN_UNGUARDED_AVAILABILITY = YES_AGGRESSIVE;
				CLANG_WARN_UNREACHABLE_CODE = YES;
				CLANG_WARN__DUPLICATE_METHOD_MATCH = YES;
				COPY_PHASE_STRIP = NO;
				DEBUG_INFORMATION_FORMAT = dwarf;
				ENABLE_STRICT_OBJC_MSGSEND = YES;
				ENABLE_TESTABILITY = YES;
				ENABLE_USER_SCRIPT_SANDBOXING = YES;
				GCC_C_LANGUAGE_STANDARD = gnu17;
				GCC_DYNAMIC_NO_PIC = NO;
				GCC_NO_COMMON_BLOCKS = YES;
				GCC_OPTIMIZATION_LEVEL = 0;
				GCC_PREPROCESSOR_DEFINITIONS = (
					"DEBUG=1",
					"$(inherited)",
				);
				GCC_WARN_64_TO_32_BIT_CONVERSION = YES;
				GCC_WARN_ABOUT_RETURN_TYPE = YES_ERROR;
				GCC_WARN_UNDECLARED_SELECTOR = YES;
				GCC_WARN_UNINITIALIZED_AUTOS = YES_AGGRESSIVE;
				GCC_WARN_UNUSED_FUNCTION = YES;
				GCC_WARN_UNUSED_VARIABLE = YES;
				IPHONEOS_DEPLOYMENT_TARGET = 17.5;
				LOCALIZATION_PREFERS_STRING_CATALOGS = YES;
				MTL_ENABLE_DEBUG_INFO = INCLUDE_SOURCE;
				MTL_FAST_MATH = YES;
				ONLY_ACTIVE_ARCH = YES;
				SDKROOT = iphoneos;
				SWIFT_ACTIVE_COMPILATION_CONDITIONS = "DEBUG $(inherited)";
				SWIFT_OPTIMIZATION_LEVEL = "-Onone";
			};
			name = Debug;
		};
		8D8B4A602C1979CD009243C2 /* Release */ = {
			isa = XCBuildConfiguration;
			buildSettings = {
				ALWAYS_SEARCH_USER_PATHS = NO;
				ASSETCATALOG_COMPILER_GENERATE_SWIFT_ASSET_SYMBOL_EXTENSIONS = YES;
				CLANG_ANALYZER_NONNULL = YES;
				CLANG_ANALYZER_NUMBER_OBJECT_CONVERSION = YES_AGGRESSIVE;
				CLANG_CXX_LANGUAGE_STANDARD = "gnu++20";
				CLANG_ENABLE_MODULES = YES;
				CLANG_ENABLE_OBJC_ARC = YES;
				CLANG_ENABLE_OBJC_WEAK = YES;
				CLANG_WARN_BLOCK_CAPTURE_AUTORELEASING = YES;
				CLANG_WARN_BOOL_CONVERSION = YES;
				CLANG_WARN_COMMA = YES;
				CLANG_WARN_CONSTANT_CONVERSION = YES;
				CLANG_WARN_DEPRECATED_OBJC_IMPLEMENTATIONS = YES;
				CLANG_WARN_DIRECT_OBJC_ISA_USAGE = YES_ERROR;
				CLANG_WARN_DOCUMENTATION_COMMENTS = YES;
				CLANG_WARN_EMPTY_BODY = YES;
				CLANG_WARN_ENUM_CONVERSION = YES;
				CLANG_WARN_INFINITE_RECURSION = YES;
				CLANG_WARN_INT_CONVERSION = YES;
				CLANG_WARN_NON_LITERAL_NULL_CONVERSION = YES;
				CLANG_WARN_OBJC_IMPLICIT_RETAIN_SELF = YES;
				CLANG_WARN_OBJC_LITERAL_CONVERSION = YES;
				CLANG_WARN_OBJC_ROOT_CLASS = YES_ERROR;
				CLANG_WARN_QUOTED_INCLUDE_IN_FRAMEWORK_HEADER = YES;
				CLANG_WARN_RANGE_LOOP_ANALYSIS = YES;
				CLANG_WARN_STRICT_PROTOTYPES = YES;
				CLANG_WARN_SUSPICIOUS_MOVE = YES;
				CLANG_WARN_UNGUARDED_AVAILABILITY = YES_AGGRESSIVE;
				CLANG_WARN_UNREACHABLE_CODE = YES;
				CLANG_WARN__DUPLICATE_METHOD_MATCH = YES;
				COPY_PHASE_STRIP = NO;
				DEBUG_INFORMATION_FORMAT = "dwarf-with-dsym";
				ENABLE_NS_ASSERTIONS = NO;
				ENABLE_STRICT_OBJC_MSGSEND = YES;
				ENABLE_USER_SCRIPT_SANDBOXING = YES;
				GCC_C_LANGUAGE_STANDARD = gnu17;
				GCC_NO_COMMON_BLOCKS = YES;
				GCC_WARN_64_TO_32_BIT_CONVERSION = YES;
				GCC_WARN_ABOUT_RETURN_TYPE = YES_ERROR;
				GCC_WARN_UNDECLARED_SELECTOR = YES;
				GCC_WARN_UNINITIALIZED_AUTOS = YES_AGGRESSIVE;
				GCC_WARN_UNUSED_FUNCTION = YES;
				GCC_WARN_UNUSED_VARIABLE = YES;
				IPHONEOS_DEPLOYMENT_TARGET = 17.5;
				LOCALIZATION_PREFERS_STRING_CATALOGS = YES;
				MTL_ENABLE_DEBUG_INFO = NO;
				MTL_FAST_MATH = YES;
				SDKROOT = iphoneos;
				SWIFT_COMPILATION_MODE = wholemodule;
				VALIDATE_PRODUCT = YES;
			};
			name = Release;
		};
		8D8B4A622C1979CD009243C2 /* Debug */ = {
			isa = XCBuildConfiguration;
			buildSettings = {
				ASSETCATALOG_COMPILER_APPICON_NAME = AppIcon;
				ASSETCATALOG_COMPILER_GLOBAL_ACCENT_COLOR_NAME = AccentColor;
				CODE_SIGN_STYLE = Automatic;
				CURRENT_PROJECT_VERSION = 1;
				GENERATE_INFOPLIST_FILE = YES;
				INFOPLIST_FILE = CalmoApp/Info.plist;
				INFOPLIST_KEY_UIApplicationSupportsIndirectInputEvents = YES;
				INFOPLIST_KEY_UILaunchStoryboardName = LaunchScreen;
				INFOPLIST_KEY_UIMainStoryboardFile = Main;
				INFOPLIST_KEY_UISupportedInterfaceOrientations_iPad = "UIInterfaceOrientationPortrait UIInterfaceOrientationPortraitUpsideDown UIInterfaceOrientationLandscapeLeft UIInterfaceOrientationLandscapeRight";
				INFOPLIST_KEY_UISupportedInterfaceOrientations_iPhone = "UIInterfaceOrientationPortrait UIInterfaceOrientationLandscapeLeft UIInterfaceOrientationLandscapeRight";
				LD_RUNPATH_SEARCH_PATHS = (
					"$(inherited)",
					"@executable_path/Frameworks",
				);
				MARKETING_VERSION = 1.0;
				PRODUCT_BUNDLE_IDENTIFIER = atslab.com.CalmoApp;
				PRODUCT_NAME = "$(TARGET_NAME)";
				SWIFT_EMIT_LOC_STRINGS = YES;
				SWIFT_VERSION = 5.0;
				TARGETED_DEVICE_FAMILY = "1,2";
			};
			name = Debug;
		};
		8D8B4A632C1979CD009243C2 /* Release */ = {
			isa = XCBuildConfiguration;
			buildSettings = {
				ASSETCATALOG_COMPILER_APPICON_NAME = AppIcon;
				ASSETCATALOG_COMPILER_GLOBAL_ACCENT_COLOR_NAME = AccentColor;
				CODE_SIGN_STYLE = Automatic;
				CURRENT_PROJECT_VERSION = 1;
				GENERATE_INFOPLIST_FILE = YES;
				INFOPLIST_FILE = CalmoApp/Info.plist;
				INFOPLIST_KEY_UIApplicationSupportsIndirectInputEvents = YES;
				INFOPLIST_KEY_UILaunchStoryboardName = LaunchScreen;
				INFOPLIST_KEY_UIMainStoryboardFile = Main;
				INFOPLIST_KEY_UISupportedInterfaceOrientations_iPad = "UIInterfaceOrientationPortrait UIInterfaceOrientationPortraitUpsideDown UIInterfaceOrientationLandscapeLeft UIInterfaceOrientationLandscapeRight";
				INFOPLIST_KEY_UISupportedInterfaceOrientations_iPhone = "UIInterfaceOrientationPortrait UIInterfaceOrientationLandscapeLeft UIInterfaceOrientationLandscapeRight";
				LD_RUNPATH_SEARCH_PATHS = (
					"$(inherited)",
					"@executable_path/Frameworks",
				);
				MARKETING_VERSION = 1.0;
				PRODUCT_BUNDLE_IDENTIFIER = atslab.com.CalmoApp;
				PRODUCT_NAME = "$(TARGET_NAME)";
				SWIFT_EMIT_LOC_STRINGS = YES;
				SWIFT_VERSION = 5.0;
				TARGETED_DEVICE_FAMILY = "1,2";
			};
			name = Release;
		};
		8D8B4A652C1979CD009243C2 /* Debug */ = {
			isa = XCBuildConfiguration;
			buildSettings = {
				ALWAYS_EMBED_SWIFT_STANDARD_LIBRARIES = YES;
				BUNDLE_LOADER = "$(TEST_HOST)";
				CODE_SIGN_STYLE = Automatic;
				CURRENT_PROJECT_VERSION = 1;
				GENERATE_INFOPLIST_FILE = YES;
				IPHONEOS_DEPLOYMENT_TARGET = 17.5;
				MARKETING_VERSION = 1.0;
				PRODUCT_BUNDLE_IDENTIFIER = atslab.com.CalmoAppTests;
				PRODUCT_NAME = "$(TARGET_NAME)";
				SWIFT_EMIT_LOC_STRINGS = NO;
				SWIFT_VERSION = 5.0;
				TARGETED_DEVICE_FAMILY = "1,2";
				TEST_HOST = "$(BUILT_PRODUCTS_DIR)/CalmoApp.app/$(BUNDLE_EXECUTABLE_FOLDER_PATH)/CalmoApp";
			};
			name = Debug;
		};
		8D8B4A662C1979CD009243C2 /* Release */ = {
			isa = XCBuildConfiguration;
			buildSettings = {
				ALWAYS_EMBED_SWIFT_STANDARD_LIBRARIES = YES;
				BUNDLE_LOADER = "$(TEST_HOST)";
				CODE_SIGN_STYLE = Automatic;
				CURRENT_PROJECT_VERSION = 1;
				GENERATE_INFOPLIST_FILE = YES;
				IPHONEOS_DEPLOYMENT_TARGET = 17.5;
				MARKETING_VERSION = 1.0;
				PRODUCT_BUNDLE_IDENTIFIER = atslab.com.CalmoAppTests;
				PRODUCT_NAME = "$(TARGET_NAME)";
				SWIFT_EMIT_LOC_STRINGS = NO;
				SWIFT_VERSION = 5.0;
				TARGETED_DEVICE_FAMILY = "1,2";
				TEST_HOST = "$(BUILT_PRODUCTS_DIR)/CalmoApp.app/$(BUNDLE_EXECUTABLE_FOLDER_PATH)/CalmoApp";
			};
			name = Release;
		};
		8D8B4A682C1979CD009243C2 /* Debug */ = {
			isa = XCBuildConfiguration;
			buildSettings = {
				ALWAYS_EMBED_SWIFT_STANDARD_LIBRARIES = YES;
				CODE_SIGN_STYLE = Automatic;
				CURRENT_PROJECT_VERSION = 1;
				GENERATE_INFOPLIST_FILE = YES;
				MARKETING_VERSION = 1.0;
				PRODUCT_BUNDLE_IDENTIFIER = atslab.com.CalmoAppUITests;
				PRODUCT_NAME = "$(TARGET_NAME)";
				SWIFT_EMIT_LOC_STRINGS = NO;
				SWIFT_VERSION = 5.0;
				TARGETED_DEVICE_FAMILY = "1,2";
				TEST_TARGET_NAME = CalmoApp;
			};
			name = Debug;
		};
		8D8B4A692C1979CD009243C2 /* Release */ = {
			isa = XCBuildConfiguration;
			buildSettings = {
				ALWAYS_EMBED_SWIFT_STANDARD_LIBRARIES = YES;
				CODE_SIGN_STYLE = Automatic;
				CURRENT_PROJECT_VERSION = 1;
				GENERATE_INFOPLIST_FILE = YES;
				MARKETING_VERSION = 1.0;
				PRODUCT_BUNDLE_IDENTIFIER = atslab.com.CalmoAppUITests;
				PRODUCT_NAME = "$(TARGET_NAME)";
				SWIFT_EMIT_LOC_STRINGS = NO;
				SWIFT_VERSION = 5.0;
				TARGETED_DEVICE_FAMILY = "1,2";
				TEST_TARGET_NAME = CalmoApp;
			};
			name = Release;
		};
/* End XCBuildConfiguration section */

/* Begin XCConfigurationList section */
		8D8B4A2F2C1979CC009243C2 /* Build configuration list for PBXProject "CalmoApp" */ = {
			isa = XCConfigurationList;
			buildConfigurations = (
				8D8B4A5F2C1979CD009243C2 /* Debug */,
				8D8B4A602C1979CD009243C2 /* Release */,
			);
			defaultConfigurationIsVisible = 0;
			defaultConfigurationName = Release;
		};
		8D8B4A612C1979CD009243C2 /* Build configuration list for PBXNativeTarget "CalmoApp" */ = {
			isa = XCConfigurationList;
			buildConfigurations = (
				8D8B4A622C1979CD009243C2 /* Debug */,
				8D8B4A632C1979CD009243C2 /* Release */,
			);
			defaultConfigurationIsVisible = 0;
			defaultConfigurationName = Release;
		};
		8D8B4A642C1979CD009243C2 /* Build configuration list for PBXNativeTarget "CalmoAppTests" */ = {
			isa = XCConfigurationList;
			buildConfigurations = (
				8D8B4A652C1979CD009243C2 /* Debug */,
				8D8B4A662C1979CD009243C2 /* Release */,
			);
			defaultConfigurationIsVisible = 0;
			defaultConfigurationName = Release;
		};
		8D8B4A672C1979CD009243C2 /* Build configuration list for PBXNativeTarget "CalmoAppUITests" */ = {
			isa = XCConfigurationList;
			buildConfigurations = (
				8D8B4A682C1979CD009243C2 /* Debug */,
				8D8B4A692C1979CD009243C2 /* Release */,
			);
			defaultConfigurationIsVisible = 0;
			defaultConfigurationName = Release;
		};
/* End XCConfigurationList section */

/* Begin XCVersionGroup section */
		8D8B4A402C1979CC009243C2 /* CalmoApp.xcdatamodeld */ = {
			isa = XCVersionGroup;
			children = (
				8D8B4A412C1979CC009243C2 /* CalmoApp.xcdatamodel */,
			);
			currentVersion = 8D8B4A412C1979CC009243C2 /* CalmoApp.xcdatamodel */;
			path = CalmoApp.xcdatamodeld;
			sourceTree = "<group>";
			versionGroupType = wrapper.xcdatamodel;
		};
/* End XCVersionGroup section */
	};
	rootObject = 8D8B4A2C2C1979CC009243C2 /* Project object */;
}
